
Microsoft Visual Studio Solution File, Format Version 12.00
# Visual Studio Version 17
VisualStudioVersion = 17.11.35327.3
MinimumVisualStudioVersion = 10.0.40219.1
Project("{FAE04EC0-301F-11D3-BF4B-00C04F79EFBC}") = "LeonoraApi.Data", "LeonoraApi.Data\LeonoraApi.Data.csproj", "{BA39C587-FC11-4767-97F4-33A12AE201B8}"
EndProject
Project("{FAE04EC0-301F-11D3-BF4B-00C04F79EFBC}") = "LeonoraApi.Domain", "LeonoraApi.Domain\LeonoraApi.Domain.csproj", "{EF6C654E-4FFA-4F0B-95AE-C4B9EB246452}"
EndProject
Project("{FAE04EC0-301F-11D3-BF4B-00C04F79EFBC}") = "LeonoraApi", "LeonoraApi\LeonoraApi.csproj", "{DE869DD9-7507-4CDB-9DE4-4EFBE6D06BB7}"
EndProject
Project("{FAE04EC0-301F-11D3-BF4B-00C04F79EFBC}") = "LeonoraApi.Tests", "LeonoraApi.Tests\LeonoraApi.Tests.csproj", "{0E9403DF-AE86-4B51-9E0D-E7C993FBF0D0}"
EndProject
Global
	GlobalSection(SolutionConfigurationPlatforms) = preSolution
		Debug|Any CPU = Debug|Any CPU
		Debug|ARM = Debug|ARM
		Debug|ARM64 = Debug|ARM64
		Debug|x64 = Debug|x64
		Debug|x86 = Debug|x86
		Release|Any CPU = Release|Any CPU
		Release|ARM = Release|ARM
		Release|ARM64 = Release|ARM64
		Release|x64 = Release|x64
		Release|x86 = Release|x86
	EndGlobalSection
	GlobalSection(ProjectConfigurationPlatforms) = postSolution
		{BA39C587-FC11-4767-97F4-33A12AE201B8}.Debug|Any CPU.ActiveCfg = Debug|Any CPU
		{BA39C587-FC11-4767-97F4-33A12AE201B8}.Debug|Any CPU.Build.0 = Debug|Any CPU
		{BA39C587-FC11-4767-97F4-33A12AE201B8}.Debug|ARM.ActiveCfg = Debug|Any CPU
		{BA39C587-FC11-4767-97F4-33A12AE201B8}.Debug|ARM.Build.0 = Debug|Any CPU
		{BA39C587-FC11-4767-97F4-33A12AE201B8}.Debug|ARM64.ActiveCfg = Debug|Any CPU
		{BA39C587-FC11-4767-97F4-33A12AE201B8}.Debug|ARM64.Build.0 = Debug|Any CPU
		{BA39C587-FC11-4767-97F4-33A12AE201B8}.Debug|x64.ActiveCfg = Debug|Any CPU
		{BA39C587-FC11-4767-97F4-33A12AE201B8}.Debug|x64.Build.0 = Debug|Any CPU
		{BA39C587-FC11-4767-97F4-33A12AE201B8}.Debug|x86.ActiveCfg = Debug|Any CPU
		{BA39C587-FC11-4767-97F4-33A12AE201B8}.Debug|x86.Build.0 = Debug|Any CPU
		{BA39C587-FC11-4767-97F4-33A12AE201B8}.Release|Any CPU.ActiveCfg = Release|Any CPU
		{BA39C587-FC11-4767-97F4-33A12AE201B8}.Release|Any CPU.Build.0 = Release|Any CPU
		{BA39C587-FC11-4767-97F4-33A12AE201B8}.Release|ARM.ActiveCfg = Release|Any CPU
		{BA39C587-FC11-4767-97F4-33A12AE201B8}.Release|ARM.Build.0 = Release|Any CPU
		{BA39C587-FC11-4767-97F4-33A12AE201B8}.Release|ARM64.ActiveCfg = Release|Any CPU
		{BA39C587-FC11-4767-97F4-33A12AE201B8}.Release|ARM64.Build.0 = Release|Any CPU
		{BA39C587-FC11-4767-97F4-33A12AE201B8}.Release|x64.ActiveCfg = Release|Any CPU
		{BA39C587-FC11-4767-97F4-33A12AE201B8}.Release|x64.Build.0 = Release|Any CPU
		{BA39C587-FC11-4767-97F4-33A12AE201B8}.Release|x86.ActiveCfg = Release|Any CPU
		{BA39C587-FC11-4767-97F4-33A12AE201B8}.Release|x86.Build.0 = Release|Any CPU
		{EF6C654E-4FFA-4F0B-95AE-C4B9EB246452}.Debug|Any CPU.ActiveCfg = Debug|Any CPU
		{EF6C654E-4FFA-4F0B-95AE-C4B9EB246452}.Debug|Any CPU.Build.0 = Debug|Any CPU
		{EF6C654E-4FFA-4F0B-95AE-C4B9EB246452}.Debug|ARM.ActiveCfg = Debug|Any CPU
		{EF6C654E-4FFA-4F0B-95AE-C4B9EB246452}.Debug|ARM.Build.0 = Debug|Any CPU
		{EF6C654E-4FFA-4F0B-95AE-C4B9EB246452}.Debug|ARM64.ActiveCfg = Debug|Any CPU
		{EF6C654E-4FFA-4F0B-95AE-C4B9EB246452}.Debug|ARM64.Build.0 = Debug|Any CPU
		{EF6C654E-4FFA-4F0B-95AE-C4B9EB246452}.Debug|x64.ActiveCfg = Debug|Any CPU
		{EF6C654E-4FFA-4F0B-95AE-C4B9EB246452}.Debug|x64.Build.0 = Debug|Any CPU
		{EF6C654E-4FFA-4F0B-95AE-C4B9EB246452}.Debug|x86.ActiveCfg = Debug|Any CPU
		{EF6C654E-4FFA-4F0B-95AE-C4B9EB246452}.Debug|x86.Build.0 = Debug|Any CPU
		{EF6C654E-4FFA-4F0B-95AE-C4B9EB246452}.Release|Any CPU.ActiveCfg = Release|Any CPU
		{EF6C654E-4FFA-4F0B-95AE-C4B9EB246452}.Release|Any CPU.Build.0 = Release|Any CPU
		{EF6C654E-4FFA-4F0B-95AE-C4B9EB246452}.Release|ARM.ActiveCfg = Release|Any CPU
		{EF6C654E-4FFA-4F0B-95AE-C4B9EB246452}.Release|ARM.Build.0 = Release|Any CPU
		{EF6C654E-4FFA-4F0B-95AE-C4B9EB246452}.Release|ARM64.ActiveCfg = Release|Any CPU
		{EF6C654E-4FFA-4F0B-95AE-C4B9EB246452}.Release|ARM64.Build.0 = Release|Any CPU
		{EF6C654E-4FFA-4F0B-95AE-C4B9EB246452}.Release|x64.ActiveCfg = Release|Any CPU
		{EF6C654E-4FFA-4F0B-95AE-C4B9EB246452}.Release|x64.Build.0 = Release|Any CPU
		{EF6C654E-4FFA-4F0B-95AE-C4B9EB246452}.Release|x86.ActiveCfg = Release|Any CPU
		{EF6C654E-4FFA-4F0B-95AE-C4B9EB246452}.Release|x86.Build.0 = Release|Any CPU
		{DE869DD9-7507-4CDB-9DE4-4EFBE6D06BB7}.Debug|Any CPU.ActiveCfg = Debug|Any CPU
		{DE869DD9-7507-4CDB-9DE4-4EFBE6D06BB7}.Debug|Any CPU.Build.0 = Debug|Any CPU
		{DE869DD9-7507-4CDB-9DE4-4EFBE6D06BB7}.Debug|ARM.ActiveCfg = Debug|Any CPU
		{DE869DD9-7507-4CDB-9DE4-4EFBE6D06BB7}.Debug|ARM.Build.0 = Debug|Any CPU
		{DE869DD9-7507-4CDB-9DE4-4EFBE6D06BB7}.Debug|ARM64.ActiveCfg = Debug|Any CPU
		{DE869DD9-7507-4CDB-9DE4-4EFBE6D06BB7}.Debug|ARM64.Build.0 = Debug|Any CPU
		{DE869DD9-7507-4CDB-9DE4-4EFBE6D06BB7}.Debug|x64.ActiveCfg = Debug|Any CPU
		{DE869DD9-7507-4CDB-9DE4-4EFBE6D06BB7}.Debug|x64.Build.0 = Debug|Any CPU
		{DE869DD9-7507-4CDB-9DE4-4EFBE6D06BB7}.Debug|x86.ActiveCfg = Debug|Any CPU
		{DE869DD9-7507-4CDB-9DE4-4EFBE6D06BB7}.Debug|x86.Build.0 = Debug|Any CPU
		{DE869DD9-7507-4CDB-9DE4-4EFBE6D06BB7}.Release|Any CPU.ActiveCfg = Release|Any CPU
		{DE869DD9-7507-4CDB-9DE4-4EFBE6D06BB7}.Release|Any CPU.Build.0 = Release|Any CPU
		{DE869DD9-7507-4CDB-9DE4-4EFBE6D06BB7}.Release|ARM.ActiveCfg = Release|Any CPU
		{DE869DD9-7507-4CDB-9DE4-4EFBE6D06BB7}.Release|ARM.Build.0 = Release|Any CPU
		{DE869DD9-7507-4CDB-9DE4-4EFBE6D06BB7}.Release|ARM64.ActiveCfg = Release|Any CPU
		{DE869DD9-7507-4CDB-9DE4-4EFBE6D06BB7}.Release|ARM64.Build.0 = Release|Any CPU
		{DE869DD9-7507-4CDB-9DE4-4EFBE6D06BB7}.Release|x64.ActiveCfg = Release|Any CPU
		{DE869DD9-7507-4CDB-9DE4-4EFBE6D06BB7}.Release|x64.Build.0 = Release|Any CPU
		{DE869DD9-7507-4CDB-9DE4-4EFBE6D06BB7}.Release|x86.ActiveCfg = Release|Any CPU
		{DE869DD9-7507-4CDB-9DE4-4EFBE6D06BB7}.Release|x86.Build.0 = Release|Any CPU
		{0E9403DF-AE86-4B51-9E0D-E7C993FBF0D0}.Debug|Any CPU.ActiveCfg = Debug|Any CPU
		{0E9403DF-AE86-4B51-9E0D-E7C993FBF0D0}.Debug|Any CPU.Build.0 = Debug|Any CPU
		{0E9403DF-AE86-4B51-9E0D-E7C993FBF0D0}.Debug|ARM.ActiveCfg = Debug|Any CPU
		{0E9403DF-AE86-4B51-9E0D-E7C993FBF0D0}.Debug|ARM.Build.0 = Debug|Any CPU
		{0E9403DF-AE86-4B51-9E0D-E7C993FBF0D0}.Debug|ARM64.ActiveCfg = Debug|Any CPU
		{0E9403DF-AE86-4B51-9E0D-E7C993FBF0D0}.Debug|ARM64.Build.0 = Debug|Any CPU
		{0E9403DF-AE86-4B51-9E0D-E7C993FBF0D0}.Debug|x64.ActiveCfg = Debug|Any CPU
		{0E9403DF-AE86-4B51-9E0D-E7C993FBF0D0}.Debug|x64.Build.0 = Debug|Any CPU
		{0E9403DF-AE86-4B51-9E0D-E7C993FBF0D0}.Debug|x86.ActiveCfg = Debug|Any CPU
		{0E9403DF-AE86-4B51-9E0D-E7C993FBF0D0}.Debug|x86.Build.0 = Debug|Any CPU
		{0E9403DF-AE86-4B51-9E0D-E7C993FBF0D0}.Release|Any CPU.ActiveCfg = Release|Any CPU
		{0E9403DF-AE86-4B51-9E0D-E7C993FBF0D0}.Release|Any CPU.Build.0 = Release|Any CPU
		{0E9403DF-AE86-4B51-9E0D-E7C993FBF0D0}.Release|ARM.ActiveCfg = Release|Any CPU
		{0E9403DF-AE86-4B51-9E0D-E7C993FBF0D0}.Release|ARM.Build.0 = Release|Any CPU
		{0E9403DF-AE86-4B51-9E0D-E7C993FBF0D0}.Release|ARM64.ActiveCfg = Release|Any CPU
		{0E9403DF-AE86-4B51-9E0D-E7C993FBF0D0}.Release|ARM64.Build.0 = Release|Any CPU
		{0E9403DF-AE86-4B51-9E0D-E7C993FBF0D0}.Release|x64.ActiveCfg = Release|Any CPU
		{0E9403DF-AE86-4B51-9E0D-E7C993FBF0D0}.Release|x64.Build.0 = Release|Any CPU
		{0E9403DF-AE86-4B51-9E0D-E7C993FBF0D0}.Release|x86.ActiveCfg = Release|Any CPU
		{0E9403DF-AE86-4B51-9E0D-E7C993FBF0D0}.Release|x86.Build.0 = Release|Any CPU
	EndGlobalSection
	GlobalSection(SolutionProperties) = preSolution
		HideSolutionNode = FALSE
	EndGlobalSection
	GlobalSection(ExtensibilityGlobals) = postSolution
		SolutionGuid = {8B703B6B-1474-4AB3-BDD3-CF5D0F081B26}
	EndGlobalSection
EndGlobal
